
Microsoft Visual Studio Solution File, Format Version 12.00
# Visual Studio Version 17
VisualStudioVersion = 17.0.31903.59
MinimumVisualStudioVersion = 10.0.40219.1
Project("{FAE04EC0-301F-11D3-BF4B-00C04F79EFBC}") = "Sora2TextToVideo", "Sora2TextToVideo\Sora2TextToVideo.csproj", "{1DA020DD-5D6E-4CF7-9FA6-D8163B99EC24}"
EndProject
Project("{FAE04EC0-301F-11D3-BF4B-00C04F79EFBC}") = "Sora2ImageToVideo", "Sora2ImageToVideo\Sora2ImageToVideo.csproj", "{C6DB5B8D-3846-4040-A0B9-2C45B6510658}"
EndProject
Project("{FAE04EC0-301F-11D3-BF4B-00C04F79EFBC}") = "Sora2VideoCreationStatus", "Sora2VideoCreationStatus\Sora2VideoCreationStatus.csproj", "{A2425573-087B-42E2-A6F5-2F497A4C57D4}"
EndProject
Project("{FAE04EC0-301F-11D3-BF4B-00C04F79EFBC}") = "Sora2GetGeneratedVideos", "Sora2GetGeneratedVideos\Sora2GetGeneratedVideos.csproj", "{FEA1775E-1A5C-4B37-82DE-86BFB23BBC7F}"
EndProject
Project("{FAE04EC0-301F-11D3-BF4B-00C04F79EFBC}") = "Sora2DownloadGeneratedVideo", "Sora2DownloadGeneratedVideo\Sora2DownloadGeneratedVideo.csproj", "{E2322FD1-7804-4577-8313-774C5269517D}"
EndProject
Project("{FAE04EC0-301F-11D3-BF4B-00C04F79EFBC}") = "Sora2DeleteGeneratedVideo", "Sora2DeleteGeneratedVideo\Sora2DeleteGeneratedVideo.csproj", "{51AFF31B-E42E-4A2A-B4DF-BF57C9F90559}"
EndProject
Global
	GlobalSection(SolutionConfigurationPlatforms) = preSolution
		Debug|Any CPU = Debug|Any CPU
		Debug|x64 = Debug|x64
		Debug|x86 = Debug|x86
		Release|Any CPU = Release|Any CPU
		Release|x64 = Release|x64
		Release|x86 = Release|x86
	EndGlobalSection
	GlobalSection(ProjectConfigurationPlatforms) = postSolution
		{1DA020DD-5D6E-4CF7-9FA6-D8163B99EC24}.Debug|Any CPU.ActiveCfg = Debug|Any CPU
		{1DA020DD-5D6E-4CF7-9FA6-D8163B99EC24}.Debug|Any CPU.Build.0 = Debug|Any CPU
		{1DA020DD-5D6E-4CF7-9FA6-D8163B99EC24}.Debug|x64.ActiveCfg = Debug|Any CPU
		{1DA020DD-5D6E-4CF7-9FA6-D8163B99EC24}.Debug|x64.Build.0 = Debug|Any CPU
		{1DA020DD-5D6E-4CF7-9FA6-D8163B99EC24}.Debug|x86.ActiveCfg = Debug|Any CPU
		{1DA020DD-5D6E-4CF7-9FA6-D8163B99EC24}.Debug|x86.Build.0 = Debug|Any CPU
		{1DA020DD-5D6E-4CF7-9FA6-D8163B99EC24}.Release|Any CPU.ActiveCfg = Release|Any CPU
		{1DA020DD-5D6E-4CF7-9FA6-D8163B99EC24}.Release|Any CPU.Build.0 = Release|Any CPU
		{1DA020DD-5D6E-4CF7-9FA6-D8163B99EC24}.Release|x64.ActiveCfg = Release|Any CPU
		{1DA020DD-5D6E-4CF7-9FA6-D8163B99EC24}.Release|x64.Build.0 = Release|Any CPU
		{1DA020DD-5D6E-4CF7-9FA6-D8163B99EC24}.Release|x86.ActiveCfg = Release|Any CPU
		{1DA020DD-5D6E-4CF7-9FA6-D8163B99EC24}.Release|x86.Build.0 = Release|Any CPU
		{C6DB5B8D-3846-4040-A0B9-2C45B6510658}.Debug|Any CPU.ActiveCfg = Debug|Any CPU
		{C6DB5B8D-3846-4040-A0B9-2C45B6510658}.Debug|Any CPU.Build.0 = Debug|Any CPU
		{C6DB5B8D-3846-4040-A0B9-2C45B6510658}.Debug|x64.ActiveCfg = Debug|Any CPU
		{C6DB5B8D-3846-4040-A0B9-2C45B6510658}.Debug|x64.Build.0 = Debug|Any CPU
		{C6DB5B8D-3846-4040-A0B9-2C45B6510658}.Debug|x86.ActiveCfg = Debug|Any CPU
		{C6DB5B8D-3846-4040-A0B9-2C45B6510658}.Debug|x86.Build.0 = Debug|Any CPU
		{C6DB5B8D-3846-4040-A0B9-2C45B6510658}.Release|Any CPU.ActiveCfg = Release|Any CPU
		{C6DB5B8D-3846-4040-A0B9-2C45B6510658}.Release|Any CPU.Build.0 = Release|Any CPU
		{C6DB5B8D-3846-4040-A0B9-2C45B6510658}.Release|x64.ActiveCfg = Release|Any CPU
		{C6DB5B8D-3846-4040-A0B9-2C45B6510658}.Release|x64.Build.0 = Release|Any CPU
		{C6DB5B8D-3846-4040-A0B9-2C45B6510658}.Release|x86.ActiveCfg = Release|Any CPU
		{C6DB5B8D-3846-4040-A0B9-2C45B6510658}.Release|x86.Build.0 = Release|Any CPU
		{A2425573-087B-42E2-A6F5-2F497A4C57D4}.Debug|Any CPU.ActiveCfg = Debug|Any CPU
		{A2425573-087B-42E2-A6F5-2F497A4C57D4}.Debug|Any CPU.Build.0 = Debug|Any CPU
		{A2425573-087B-42E2-A6F5-2F497A4C57D4}.Debug|x64.ActiveCfg = Debug|Any CPU
		{A2425573-087B-42E2-A6F5-2F497A4C57D4}.Debug|x64.Build.0 = Debug|Any CPU
		{A2425573-087B-42E2-A6F5-2F497A4C57D4}.Debug|x86.ActiveCfg = Debug|Any CPU
		{A2425573-087B-42E2-A6F5-2F497A4C57D4}.Debug|x86.Build.0 = Debug|Any CPU
		{A2425573-087B-42E2-A6F5-2F497A4C57D4}.Release|Any CPU.ActiveCfg = Release|Any CPU
		{A2425573-087B-42E2-A6F5-2F497A4C57D4}.Release|Any CPU.Build.0 = Release|Any CPU
		{A2425573-087B-42E2-A6F5-2F497A4C57D4}.Release|x64.ActiveCfg = Release|Any CPU
		{A2425573-087B-42E2-A6F5-2F497A4C57D4}.Release|x64.Build.0 = Release|Any CPU
		{A2425573-087B-42E2-A6F5-2F497A4C57D4}.Release|x86.ActiveCfg = Release|Any CPU
		{A2425573-087B-42E2-A6F5-2F497A4C57D4}.Release|x86.Build.0 = Release|Any CPU
		{FEA1775E-1A5C-4B37-82DE-86BFB23BBC7F}.Debug|Any CPU.ActiveCfg = Debug|Any CPU
		{FEA1775E-1A5C-4B37-82DE-86BFB23BBC7F}.Debug|Any CPU.Build.0 = Debug|Any CPU
		{FEA1775E-1A5C-4B37-82DE-86BFB23BBC7F}.Debug|x64.ActiveCfg = Debug|Any CPU
		{FEA1775E-1A5C-4B37-82DE-86BFB23BBC7F}.Debug|x64.Build.0 = Debug|Any CPU
		{FEA1775E-1A5C-4B37-82DE-86BFB23BBC7F}.Debug|x86.ActiveCfg = Debug|Any CPU
		{FEA1775E-1A5C-4B37-82DE-86BFB23BBC7F}.Debug|x86.Build.0 = Debug|Any CPU
		{FEA1775E-1A5C-4B37-82DE-86BFB23BBC7F}.Release|Any CPU.ActiveCfg = Release|Any CPU
		{FEA1775E-1A5C-4B37-82DE-86BFB23BBC7F}.Release|Any CPU.Build.0 = Release|Any CPU
		{FEA1775E-1A5C-4B37-82DE-86BFB23BBC7F}.Release|x64.ActiveCfg = Release|Any CPU
		{FEA1775E-1A5C-4B37-82DE-86BFB23BBC7F}.Release|x64.Build.0 = Release|Any CPU
		{FEA1775E-1A5C-4B37-82DE-86BFB23BBC7F}.Release|x86.ActiveCfg = Release|Any CPU
		{FEA1775E-1A5C-4B37-82DE-86BFB23BBC7F}.Release|x86.Build.0 = Release|Any CPU
		{E2322FD1-7804-4577-8313-774C5269517D}.Debug|Any CPU.ActiveCfg = Debug|Any CPU
		{E2322FD1-7804-4577-8313-774C5269517D}.Debug|Any CPU.Build.0 = Debug|Any CPU
		{E2322FD1-7804-4577-8313-774C5269517D}.Debug|x64.ActiveCfg = Debug|Any CPU
		{E2322FD1-7804-4577-8313-774C5269517D}.Debug|x64.Build.0 = Debug|Any CPU
		{E2322FD1-7804-4577-8313-774C5269517D}.Debug|x86.ActiveCfg = Debug|Any CPU
		{E2322FD1-7804-4577-8313-774C5269517D}.Debug|x86.Build.0 = Debug|Any CPU
		{E2322FD1-7804-4577-8313-774C5269517D}.Release|Any CPU.ActiveCfg = Release|Any CPU
		{E2322FD1-7804-4577-8313-774C5269517D}.Release|Any CPU.Build.0 = Release|Any CPU
		{E2322FD1-7804-4577-8313-774C5269517D}.Release|x64.ActiveCfg = Release|Any CPU
		{E2322FD1-7804-4577-8313-774C5269517D}.Release|x64.Build.0 = Release|Any CPU
		{E2322FD1-7804-4577-8313-774C5269517D}.Release|x86.ActiveCfg = Release|Any CPU
		{E2322FD1-7804-4577-8313-774C5269517D}.Release|x86.Build.0 = Release|Any CPU
		{51AFF31B-E42E-4A2A-B4DF-BF57C9F90559}.Debug|Any CPU.ActiveCfg = Debug|Any CPU
		{51AFF31B-E42E-4A2A-B4DF-BF57C9F90559}.Debug|Any CPU.Build.0 = Debug|Any CPU
		{51AFF31B-E42E-4A2A-B4DF-BF57C9F90559}.Debug|x64.ActiveCfg = Debug|Any CPU
		{51AFF31B-E42E-4A2A-B4DF-BF57C9F90559}.Debug|x64.Build.0 = Debug|Any CPU
		{51AFF31B-E42E-4A2A-B4DF-BF57C9F90559}.Debug|x86.ActiveCfg = Debug|Any CPU
		{51AFF31B-E42E-4A2A-B4DF-BF57C9F90559}.Debug|x86.Build.0 = Debug|Any CPU
		{51AFF31B-E42E-4A2A-B4DF-BF57C9F90559}.Release|Any CPU.ActiveCfg = Release|Any CPU
		{51AFF31B-E42E-4A2A-B4DF-BF57C9F90559}.Release|Any CPU.Build.0 = Release|Any CPU
		{51AFF31B-E42E-4A2A-B4DF-BF57C9F90559}.Release|x64.ActiveCfg = Release|Any CPU
		{51AFF31B-E42E-4A2A-B4DF-BF57C9F90559}.Release|x64.Build.0 = Release|Any CPU
		{51AFF31B-E42E-4A2A-B4DF-BF57C9F90559}.Release|x86.ActiveCfg = Release|Any CPU
		{51AFF31B-E42E-4A2A-B4DF-BF57C9F90559}.Release|x86.Build.0 = Release|Any CPU
	EndGlobalSection
	GlobalSection(SolutionProperties) = preSolution
		HideSolutionNode = FALSE
	EndGlobalSection
EndGlobal
